
Microsoft Visual Studio Solution File, Format Version 12.00
# Visual Studio Version 17
VisualStudioVersion = 17.8.34330.188
MinimumVisualStudioVersion = 10.0.40219.1
Project("{FAE04EC0-301F-11D3-BF4B-00C04F79EFBC}") = "Password Generator", "Password Generator\Password Generator.csproj", "{AF6D721A-C6E8-4CAE-ADE5-195D00D8900C}"
EndProject
Global
	GlobalSection(SolutionConfigurationPlatforms) = preSolution
		Debug|Any CPU = Debug|Any CPU
		Release|Any CPU = Release|Any CPU
	EndGlobalSection
	GlobalSection(ProjectConfigurationPlatforms) = postSolution
		{AF6D721A-C6E8-4CAE-ADE5-195D00D8900C}.Debug|Any CPU.ActiveCfg = Debug|Any CPU
		{AF6D721A-C6E8-4CAE-ADE5-195D00D8900C}.Debug|Any CPU.Build.0 = Debug|Any CPU
		{AF6D721A-C6E8-4CAE-ADE5-195D00D8900C}.Release|Any CPU.ActiveCfg = Release|Any CPU
		{AF6D721A-C6E8-4CAE-ADE5-195D00D8900C}.Release|Any CPU.Build.0 = Release|Any CPU
	EndGlobalSection
	GlobalSection(SolutionProperties) = preSolution
		HideSolutionNode = FALSE
	EndGlobalSection
	GlobalSection(ExtensibilityGlobals) = postSolution
		SolutionGuid = {108D96F5-A604-4585-92D9-291A2B5FE882}
	EndGlobalSection
EndGlobal
